
Microsoft Visual Studio Solution File, Format Version 12.00
# Visual Studio 15
VisualStudioVersion = 15.0.28307.852
MinimumVisualStudioVersion = 10.0.40219.1
Project("{FAE04EC0-301F-11D3-BF4B-00C04F79EFBC}") = "DLLTestCs", "DLLTestCs\DLLTestCs.csproj", "{DDE3EBE8-9F54-4298-B885-4CBABDD78E4A}"
EndProject
Global
	GlobalSection(SolutionConfigurationPlatforms) = preSolution
		Debug|Any CPU = Debug|Any CPU
		Release|Any CPU = Release|Any CPU
	EndGlobalSection
	GlobalSection(ProjectConfigurationPlatforms) = postSolution
		{DDE3EBE8-9F54-4298-B885-4CBABDD78E4A}.Debug|Any CPU.ActiveCfg = Debug|Any CPU
		{DDE3EBE8-9F54-4298-B885-4CBABDD78E4A}.Debug|Any CPU.Build.0 = Debug|Any CPU
		{DDE3EBE8-9F54-4298-B885-4CBABDD78E4A}.Release|Any CPU.ActiveCfg = Release|Any CPU
		{DDE3EBE8-9F54-4298-B885-4CBABDD78E4A}.Release|Any CPU.Build.0 = Release|Any CPU
	EndGlobalSection
	GlobalSection(SolutionProperties) = preSolution
		HideSolutionNode = FALSE
	EndGlobalSection
	GlobalSection(ExtensibilityGlobals) = postSolution
		SolutionGuid = {536985B8-B4E4-4F86-A653-46ED1E3DE7AB}
	EndGlobalSection
EndGlobal
