
Microsoft Visual Studio Solution File, Format Version 12.00
# Visual Studio 15
VisualStudioVersion = 15.0.28307.852
MinimumVisualStudioVersion = 10.0.40219.1
Project("{FAE04EC0-301F-11D3-BF4B-00C04F79EFBC}") = "05WPFsendMsg", "05WPFsendMsg\05WPFsendMsg.csproj", "{5E8D4CE7-52A1-4AFD-9D9F-7800C1A83C06}"
EndProject
Project("{FAE04EC0-301F-11D3-BF4B-00C04F79EFBC}") = "WPFReceiver", "WPFReceiver\WPFReceiver.csproj", "{C706407F-C940-4787-AF93-15B6C9085607}"
EndProject
Global
	GlobalSection(SolutionConfigurationPlatforms) = preSolution
		Debug|Any CPU = Debug|Any CPU
		Release|Any CPU = Release|Any CPU
	EndGlobalSection
	GlobalSection(ProjectConfigurationPlatforms) = postSolution
		{5E8D4CE7-52A1-4AFD-9D9F-7800C1A83C06}.Debug|Any CPU.ActiveCfg = Debug|Any CPU
		{5E8D4CE7-52A1-4AFD-9D9F-7800C1A83C06}.Debug|Any CPU.Build.0 = Debug|Any CPU
		{5E8D4CE7-52A1-4AFD-9D9F-7800C1A83C06}.Release|Any CPU.ActiveCfg = Release|Any CPU
		{5E8D4CE7-52A1-4AFD-9D9F-7800C1A83C06}.Release|Any CPU.Build.0 = Release|Any CPU
		{C706407F-C940-4787-AF93-15B6C9085607}.Debug|Any CPU.ActiveCfg = Debug|Any CPU
		{C706407F-C940-4787-AF93-15B6C9085607}.Debug|Any CPU.Build.0 = Debug|Any CPU
		{C706407F-C940-4787-AF93-15B6C9085607}.Release|Any CPU.ActiveCfg = Release|Any CPU
		{C706407F-C940-4787-AF93-15B6C9085607}.Release|Any CPU.Build.0 = Release|Any CPU
	EndGlobalSection
	GlobalSection(SolutionProperties) = preSolution
		HideSolutionNode = FALSE
	EndGlobalSection
	GlobalSection(ExtensibilityGlobals) = postSolution
		SolutionGuid = {4BBEB7B0-619D-4411-9CA6-407F758F4326}
	EndGlobalSection
EndGlobal
