
Microsoft Visual Studio Solution File, Format Version 12.00
# Visual Studio 15
VisualStudioVersion = 15.0.28307.852
MinimumVisualStudioVersion = 10.0.40219.1
Project("{FAE04EC0-301F-11D3-BF4B-00C04F79EFBC}") = "FireEventTest", "FireEventTest\FireEventTest.csproj", "{FEA6FBA8-2D99-4A53-BEBE-AF5D97BB2404}"
EndProject
Global
	GlobalSection(SolutionConfigurationPlatforms) = preSolution
		Debug|Any CPU = Debug|Any CPU
		Release|Any CPU = Release|Any CPU
	EndGlobalSection
	GlobalSection(ProjectConfigurationPlatforms) = postSolution
		{FEA6FBA8-2D99-4A53-BEBE-AF5D97BB2404}.Debug|Any CPU.ActiveCfg = Debug|Any CPU
		{FEA6FBA8-2D99-4A53-BEBE-AF5D97BB2404}.Debug|Any CPU.Build.0 = Debug|Any CPU
		{FEA6FBA8-2D99-4A53-BEBE-AF5D97BB2404}.Release|Any CPU.ActiveCfg = Release|Any CPU
		{FEA6FBA8-2D99-4A53-BEBE-AF5D97BB2404}.Release|Any CPU.Build.0 = Release|Any CPU
	EndGlobalSection
	GlobalSection(SolutionProperties) = preSolution
		HideSolutionNode = FALSE
	EndGlobalSection
	GlobalSection(ExtensibilityGlobals) = postSolution
		SolutionGuid = {63A2108C-DE59-4951-8E43-74C8F1ED6238}
	EndGlobalSection
EndGlobal
